// !$*UTF8*$!
{
	archiveVersion = 1;
	classes = {
	};
	objectVersion = 46;
	objects = {

/* Begin PBXBuildFile section */
		C99154411F0D9022007E8BF5 /* Laser.sks in Resources */ = {isa = PBXBuildFile; fileRef = C99154401F0D9022007E8BF5 /* Laser.sks */; };
		C99154431F0D9A35007E8BF5 /* MSButtonNode.swift in Sources */ = {isa = PBXBuildFile; fileRef = C99154421F0D9A35007E8BF5 /* MSButtonNode.swift */; };
		C99154451F0D9AA9007E8BF5 /* Explosion.sks in Resources */ = {isa = PBXBuildFile; fileRef = C99154441F0D9AA9007E8BF5 /* Explosion.sks */; };
		C9A620FA1F0E9A10003B62B5 /* MainMenu.swift in Sources */ = {isa = PBXBuildFile; fileRef = C9A620F91F0E9A10003B62B5 /* MainMenu.swift */; };
		C9A620FC1F0E9B2E003B62B5 /* MainMenu.sks in Resources */ = {isa = PBXBuildFile; fileRef = C9A620FB1F0E9B2E003B62B5 /* MainMenu.sks */; };
		C9BFC5051F0AA70E002DF748 /* AppDelegate.swift in Sources */ = {isa = PBXBuildFile; fileRef = C9BFC5041F0AA70E002DF748 /* AppDelegate.swift */; };
		C9BFC5071F0AA70E002DF748 /* GameScene.sks in Resources */ = {isa = PBXBuildFile; fileRef = C9BFC5061F0AA70E002DF748 /* GameScene.sks */; };
		C9BFC5091F0AA70E002DF748 /* Actions.sks in Resources */ = {isa = PBXBuildFile; fileRef = C9BFC5081F0AA70E002DF748 /* Actions.sks */; };
		C9BFC50B1F0AA70E002DF748 /* GameScene.swift in Sources */ = {isa = PBXBuildFile; fileRef = C9BFC50A1F0AA70E002DF748 /* GameScene.swift */; };
		C9BFC50D1F0AA70E002DF748 /* GameViewController.swift in Sources */ = {isa = PBXBuildFile; fileRef = C9BFC50C1F0AA70E002DF748 /* GameViewController.swift */; };
		C9BFC5101F0AA70E002DF748 /* Main.storyboard in Resources */ = {isa = PBXBuildFile; fileRef = C9BFC50E1F0AA70E002DF748 /* Main.storyboard */; };
		C9BFC5121F0AA70E002DF748 /* Assets.xcassets in Resources */ = {isa = PBXBuildFile; fileRef = C9BFC5111F0AA70E002DF748 /* Assets.xcassets */; };
		C9BFC5151F0AA70E002DF748 /* LaunchScreen.storyboard in Resources */ = {isa = PBXBuildFile; fileRef = C9BFC5131F0AA70E002DF748 /* LaunchScreen.storyboard */; };
		C9BFC5201F0AA70E002DF748 /* ShooterTests.swift in Sources */ = {isa = PBXBuildFile; fileRef = C9BFC51F1F0AA70E002DF748 /* ShooterTests.swift */; };
		C9BFC52B1F0AA70E002DF748 /* ShooterUITests.swift in Sources */ = {isa = PBXBuildFile; fileRef = C9BFC52A1F0AA70E002DF748 /* ShooterUITests.swift */; };
		C9BFC5391F0AE272002DF748 /* Meteor.sks in Resources */ = {isa = PBXBuildFile; fileRef = C9BFC5381F0AE272002DF748 /* Meteor.sks */; };
		C9C3AD961F0FEEE500CBB702 /* Emo.sks in Resources */ = {isa = PBXBuildFile; fileRef = C9C3AD951F0FEEE500CBB702 /* Emo.sks */; };
/* End PBXBuildFile section */

/* Begin PBXContainerItemProxy section */
		C9BFC51C1F0AA70E002DF748 /* PBXContainerItemProxy */ = {
			isa = PBXContainerItemProxy;
			containerPortal = C9BFC4F91F0AA70E002DF748 /* Project object */;
			proxyType = 1;
			remoteGlobalIDString = C9BFC5001F0AA70E002DF748;
			remoteInfo = Shooter;
		};
		C9BFC5271F0AA70E002DF748 /* PBXContainerItemProxy */ = {
			isa = PBXContainerItemProxy;
			containerPortal = C9BFC4F91F0AA70E002DF748 /* Project object */;
			proxyType = 1;
			remoteGlobalIDString = C9BFC5001F0AA70E002DF748;
			remoteInfo = Shooter;
		};
/* End PBXContainerItemProxy section */

/* Begin PBXFileReference section */
		C99154401F0D9022007E8BF5 /* Laser.sks */ = {isa = PBXFileReference; lastKnownFileType = file.sks; path = Laser.sks; sourceTree = "<group>"; };
		C99154421F0D9A35007E8BF5 /* MSButtonNode.swift */ = {isa = PBXFileReference; fileEncoding = 4; lastKnownFileType = sourcecode.swift; path = MSButtonNode.swift; sourceTree = "<group>"; };
		C99154441F0D9AA9007E8BF5 /* Explosion.sks */ = {isa = PBXFileReference; lastKnownFileType = file.sks; path = Explosion.sks; sourceTree = "<group>"; };
		C9A620F91F0E9A10003B62B5 /* MainMenu.swift */ = {isa = PBXFileReference; fileEncoding = 4; lastKnownFileType = sourcecode.swift; path = MainMenu.swift; sourceTree = "<group>"; };
		C9A620FB1F0E9B2E003B62B5 /* MainMenu.sks */ = {isa = PBXFileReference; lastKnownFileType = file.sks; path = MainMenu.sks; sourceTree = "<group>"; };
		C9BFC5011F0AA70E002DF748 /* Shooter.app */ = {isa = PBXFileReference; explicitFileType = wrapper.application; includeInIndex = 0; path = Shooter.app; sourceTree = BUILT_PRODUCTS_DIR; };
		C9BFC5041F0AA70E002DF748 /* AppDelegate.swift */ = {isa = PBXFileReference; lastKnownFileType = sourcecode.swift; path = AppDelegate.swift; sourceTree = "<group>"; };
		C9BFC5061F0AA70E002DF748 /* GameScene.sks */ = {isa = PBXFileReference; lastKnownFileType = file.sks; path = GameScene.sks; sourceTree = "<group>"; };
		C9BFC5081F0AA70E002DF748 /* Actions.sks */ = {isa = PBXFileReference; lastKnownFileType = file.sks; path = Actions.sks; sourceTree = "<group>"; };
		C9BFC50A1F0AA70E002DF748 /* GameScene.swift */ = {isa = PBXFileReference; lastKnownFileType = sourcecode.swift; path = GameScene.swift; sourceTree = "<group>"; };
		C9BFC50C1F0AA70E002DF748 /* GameViewController.swift */ = {isa = PBXFileReference; lastKnownFileType = sourcecode.swift; path = GameViewController.swift; sourceTree = "<group>"; };
		C9BFC50F1F0AA70E002DF748 /* Base */ = {isa = PBXFileReference; lastKnownFileType = file.storyboard; name = Base; path = Base.lproj/Main.storyboard; sourceTree = "<group>"; };
		C9BFC5111F0AA70E002DF748 /* Assets.xcassets */ = {isa = PBXFileReference; lastKnownFileType = folder.assetcatalog; path = Assets.xcassets; sourceTree = "<group>"; };
		C9BFC5141F0AA70E002DF748 /* Base */ = {isa = PBXFileReference; lastKnownFileType = file.storyboard; name = Base; path = Base.lproj/LaunchScreen.storyboard; sourceTree = "<group>"; };
		C9BFC5161F0AA70E002DF748 /* Info.plist */ = {isa = PBXFileReference; lastKnownFileType = text.plist.xml; path = Info.plist; sourceTree = "<group>"; };
		C9BFC51B1F0AA70E002DF748 /* ShooterTests.xctest */ = {isa = PBXFileReference; explicitFileType = wrapper.cfbundle; includeInIndex = 0; path = ShooterTests.xctest; sourceTree = BUILT_PRODUCTS_DIR; };
		C9BFC51F1F0AA70E002DF748 /* ShooterTests.swift */ = {isa = PBXFileReference; lastKnownFileType = sourcecode.swift; path = ShooterTests.swift; sourceTree = "<group>"; };
		C9BFC5211F0AA70E002DF748 /* Info.plist */ = {isa = PBXFileReference; lastKnownFileType = text.plist.xml; path = Info.plist; sourceTree = "<group>"; };
		C9BFC5261F0AA70E002DF748 /* ShooterUITests.xctest */ = {isa = PBXFileReference; explicitFileType = wrapper.cfbundle; includeInIndex = 0; path = ShooterUITests.xctest; sourceTree = BUILT_PRODUCTS_DIR; };
		C9BFC52A1F0AA70E002DF748 /* ShooterUITests.swift */ = {isa = PBXFileReference; lastKnownFileType = sourcecode.swift; path = ShooterUITests.swift; sourceTree = "<group>"; };
		C9BFC52C1F0AA70E002DF748 /* Info.plist */ = {isa = PBXFileReference; lastKnownFileType = text.plist.xml; path = Info.plist; sourceTree = "<group>"; };
		C9BFC5381F0AE272002DF748 /* Meteor.sks */ = {isa = PBXFileReference; lastKnownFileType = file.sks; path = Meteor.sks; sourceTree = "<group>"; };
		C9C3AD951F0FEEE500CBB702 /* Emo.sks */ = {isa = PBXFileReference; lastKnownFileType = file.sks; path = Emo.sks; sourceTree = "<group>"; };
/* End PBXFileReference section */

/* Begin PBXFrameworksBuildPhase section */
		C9BFC4FE1F0AA70E002DF748 /* Frameworks */ = {
			isa = PBXFrameworksBuildPhase;
			buildActionMask = 2147483647;
			files = (
			);
			runOnlyForDeploymentPostprocessing = 0;
		};
		C9BFC5181F0AA70E002DF748 /* Frameworks */ = {
			isa = PBXFrameworksBuildPhase;
			buildActionMask = 2147483647;
			files = (
			);
			runOnlyForDeploymentPostprocessing = 0;
		};
		C9BFC5231F0AA70E002DF748 /* Frameworks */ = {
			isa = PBXFrameworksBuildPhase;
			buildActionMask = 2147483647;
			files = (
			);
			runOnlyForDeploymentPostprocessing = 0;
		};
/* End PBXFrameworksBuildPhase section */

/* Begin PBXGroup section */
		C9BFC4F81F0AA70E002DF748 = {
			isa = PBXGroup;
			children = (
				C9BFC5031F0AA70E002DF748 /* Shooter */,
				C9BFC51E1F0AA70E002DF748 /* ShooterTests */,
				C9BFC5291F0AA70E002DF748 /* ShooterUITests */,
				C9BFC5021F0AA70E002DF748 /* Products */,
			);
			sourceTree = "<group>";
		};
		C9BFC5021F0AA70E002DF748 /* Products */ = {
			isa = PBXGroup;
			children = (
				C9BFC5011F0AA70E002DF748 /* Shooter.app */,
				C9BFC51B1F0AA70E002DF748 /* ShooterTests.xctest */,
				C9BFC5261F0AA70E002DF748 /* ShooterUITests.xctest */,
			);
			name = Products;
			sourceTree = "<group>";
		};
		C9BFC5031F0AA70E002DF748 /* Shooter */ = {
			isa = PBXGroup;
			children = (
				C9BFC5041F0AA70E002DF748 /* AppDelegate.swift */,
				C9BFC5061F0AA70E002DF748 /* GameScene.sks */,
				C9BFC50A1F0AA70E002DF748 /* GameScene.swift */,
				C9A620FB1F0E9B2E003B62B5 /* MainMenu.sks */,
				C9A620F91F0E9A10003B62B5 /* MainMenu.swift */,
				C99154401F0D9022007E8BF5 /* Laser.sks */,
				C9BFC5381F0AE272002DF748 /* Meteor.sks */,
				C9BFC5081F0AA70E002DF748 /* Actions.sks */,
				C99154421F0D9A35007E8BF5 /* MSButtonNode.swift */,
				C9C3AD951F0FEEE500CBB702 /* Emo.sks */,
				C99154441F0D9AA9007E8BF5 /* Explosion.sks */,
				C9BFC50C1F0AA70E002DF748 /* GameViewController.swift */,
				C9BFC50E1F0AA70E002DF748 /* Main.storyboard */,
				C9BFC5111F0AA70E002DF748 /* Assets.xcassets */,
				C9BFC5131F0AA70E002DF748 /* LaunchScreen.storyboard */,
				C9BFC5161F0AA70E002DF748 /* Info.plist */,
			);
			path = Shooter;
			sourceTree = "<group>";
		};
		C9BFC51E1F0AA70E002DF748 /* ShooterTests */ = {
			isa = PBXGroup;
			children = (
				C9BFC51F1F0AA70E002DF748 /* ShooterTests.swift */,
				C9BFC5211F0AA70E002DF748 /* Info.plist */,
			);
			path = ShooterTests;
			sourceTree = "<group>";
		};
		C9BFC5291F0AA70E002DF748 /* ShooterUITests */ = {
			isa = PBXGroup;
			children = (
				C9BFC52A1F0AA70E002DF748 /* ShooterUITests.swift */,
				C9BFC52C1F0AA70E002DF748 /* Info.plist */,
			);
			path = ShooterUITests;
			sourceTree = "<group>";
		};
/* End PBXGroup section */

/* Begin PBXNativeTarget section */
		C9BFC5001F0AA70E002DF748 /* Shooter */ = {
			isa = PBXNativeTarget;
			buildConfigurationList = C9BFC52F1F0AA70E002DF748 /* Build configuration list for PBXNativeTarget "Shooter" */;
			buildPhases = (
				C9BFC4FD1F0AA70E002DF748 /* Sources */,
				C9BFC4FE1F0AA70E002DF748 /* Frameworks */,
				C9BFC4FF1F0AA70E002DF748 /* Resources */,
			);
			buildRules = (
			);
			dependencies = (
			);
			name = Shooter;
			productName = Shooter;
			productReference = C9BFC5011F0AA70E002DF748 /* Shooter.app */;
			productType = "com.apple.product-type.application";
		};
		C9BFC51A1F0AA70E002DF748 /* ShooterTests */ = {
			isa = PBXNativeTarget;
			buildConfigurationList = C9BFC5321F0AA70E002DF748 /* Build configuration list for PBXNativeTarget "ShooterTests" */;
			buildPhases = (
				C9BFC5171F0AA70E002DF748 /* Sources */,
				C9BFC5181F0AA70E002DF748 /* Frameworks */,
				C9BFC5191F0AA70E002DF748 /* Resources */,
			);
			buildRules = (
			);
			dependencies = (
				C9BFC51D1F0AA70E002DF748 /* PBXTargetDependency */,
			);
			name = ShooterTests;
			productName = ShooterTests;
			productReference = C9BFC51B1F0AA70E002DF748 /* ShooterTests.xctest */;
			productType = "com.apple.product-type.bundle.unit-test";
		};
		C9BFC5251F0AA70E002DF748 /* ShooterUITests */ = {
			isa = PBXNativeTarget;
			buildConfigurationList = C9BFC5351F0AA70E002DF748 /* Build configuration list for PBXNativeTarget "ShooterUITests" */;
			buildPhases = (
				C9BFC5221F0AA70E002DF748 /* Sources */,
				C9BFC5231F0AA70E002DF748 /* Frameworks */,
				C9BFC5241F0AA70E002DF748 /* Resources */,
			);
			buildRules = (
			);
			dependencies = (
				C9BFC5281F0AA70E002DF748 /* PBXTargetDependency */,
			);
			name = ShooterUITests;
			productName = ShooterUITests;
			productReference = C9BFC5261F0AA70E002DF748 /* ShooterUITests.xctest */;
			productType = "com.apple.product-type.bundle.ui-testing";
		};
/* End PBXNativeTarget section */

/* Begin PBXProject section */
		C9BFC4F91F0AA70E002DF748 /* Project object */ = {
			isa = PBXProject;
			attributes = {
				LastSwiftUpdateCheck = 0830;
				LastUpgradeCheck = 0830;
				ORGANIZATIONNAME = "Glenn Chen";
				TargetAttributes = {
					C9BFC5001F0AA70E002DF748 = {
						CreatedOnToolsVersion = 8.3.3;
						ProvisioningStyle = Automatic;
					};
					C9BFC51A1F0AA70E002DF748 = {
						CreatedOnToolsVersion = 8.3.3;
						ProvisioningStyle = Automatic;
						TestTargetID = C9BFC5001F0AA70E002DF748;
					};
					C9BFC5251F0AA70E002DF748 = {
						CreatedOnToolsVersion = 8.3.3;
						ProvisioningStyle = Automatic;
						TestTargetID = C9BFC5001F0AA70E002DF748;
					};
				};
			};
			buildConfigurationList = C9BFC4FC1F0AA70E002DF748 /* Build configuration list for PBXProject "Shooter" */;
			compatibilityVersion = "Xcode 3.2";
			developmentRegion = English;
			hasScannedForEncodings = 0;
			knownRegions = (
				en,
				Base,
			);
			mainGroup = C9BFC4F81F0AA70E002DF748;
			productRefGroup = C9BFC5021F0AA70E002DF748 /* Products */;
			projectDirPath = "";
			projectRoot = "";
			targets = (
				C9BFC5001F0AA70E002DF748 /* Shooter */,
				C9BFC51A1F0AA70E002DF748 /* ShooterTests */,
				C9BFC5251F0AA70E002DF748 /* ShooterUITests */,
			);
		};
/* End PBXProject section */

/* Begin PBXResourcesBuildPhase section */
		C9BFC4FF1F0AA70E002DF748 /* Resources */ = {
			isa = PBXResourcesBuildPhase;
			buildActionMask = 2147483647;
			files = (
				C9BFC5101F0AA70E002DF748 /* Main.storyboard in Resources */,
				C9A620FC1F0E9B2E003B62B5 /* MainMenu.sks in Resources */,
				C9BFC5071F0AA70E002DF748 /* GameScene.sks in Resources */,
				C9BFC5121F0AA70E002DF748 /* Assets.xcassets in Resources */,
				C99154411F0D9022007E8BF5 /* Laser.sks in Resources */,
				C9BFC5391F0AE272002DF748 /* Meteor.sks in Resources */,
				C9C3AD961F0FEEE500CBB702 /* Emo.sks in Resources */,
				C99154451F0D9AA9007E8BF5 /* Explosion.sks in Resources */,
				C9BFC5151F0AA70E002DF748 /* LaunchScreen.storyboard in Resources */,
				C9BFC5091F0AA70E002DF748 /* Actions.sks in Resources */,
			);
			runOnlyForDeploymentPostprocessing = 0;
		};
		C9BFC5191F0AA70E002DF748 /* Resources */ = {
			isa = PBXResourcesBuildPhase;
			buildActionMask = 2147483647;
			files = (
			);
			runOnlyForDeploymentPostprocessing = 0;
		};
		C9BFC5241F0AA70E002DF748 /* Resources */ = {
			isa = PBXResourcesBuildPhase;
			buildActionMask = 2147483647;
			files = (
			);
			runOnlyForDeploymentPostprocessing = 0;
		};
/* End PBXResourcesBuildPhase section */

/* Begin PBXSourcesBuildPhase section */
		C9BFC4FD1F0AA70E002DF748 /* Sources */ = {
			isa = PBXSourcesBuildPhase;
			buildActionMask = 2147483647;
			files = (
				C9A620FA1F0E9A10003B62B5 /* MainMenu.swift in Sources */,
				C9BFC50B1F0AA70E002DF748 /* GameScene.swift in Sources */,
				C9BFC50D1F0AA70E002DF748 /* GameViewController.swift in Sources */,
				C9BFC5051F0AA70E002DF748 /* AppDelegate.swift in Sources */,
				C99154431F0D9A35007E8BF5 /* MSButtonNode.swift in Sources */,
			);
			runOnlyForDeploymentPostprocessing = 0;
		};
		C9BFC5171F0AA70E002DF748 /* Sources */ = {
			isa = PBXSourcesBuildPhase;
			buildActionMask = 2147483647;
			files = (
				C9BFC5201F0AA70E002DF748 /* ShooterTests.swift in Sources */,
			);
			runOnlyForDeploymentPostprocessing = 0;
		};
		C9BFC5221F0AA70E002DF748 /* Sources */ = {
			isa = PBXSourcesBuildPhase;
			buildActionMask = 2147483647;
			files = (
				C9BFC52B1F0AA70E002DF748 /* ShooterUITests.swift in Sources */,
			);
			runOnlyForDeploymentPostprocessing = 0;
		};
/* End PBXSourcesBuildPhase section */

/* Begin PBXTargetDependency section */
		C9BFC51D1F0AA70E002DF748 /* PBXTargetDependency */ = {
			isa = PBXTargetDependency;
			target = C9BFC5001F0AA70E002DF748 /* Shooter */;
			targetProxy = C9BFC51C1F0AA70E002DF748 /* PBXContainerItemProxy */;
		};
		C9BFC5281F0AA70E002DF748 /* PBXTargetDependency */ = {
			isa = PBXTargetDependency;
			target = C9BFC5001F0AA70E002DF748 /* Shooter */;
			targetProxy = C9BFC5271F0AA70E002DF748 /* PBXContainerItemProxy */;
		};
/* End PBXTargetDependency section */

/* Begin PBXVariantGroup section */
		C9BFC50E1F0AA70E002DF748 /* Main.storyboard */ = {
			isa = PBXVariantGroup;
			children = (
				C9BFC50F1F0AA70E002DF748 /* Base */,
			);
			name = Main.storyboard;
			sourceTree = "<group>";
		};
		C9BFC5131F0AA70E002DF748 /* LaunchScreen.storyboard */ = {
			isa = PBXVariantGroup;
			children = (
				C9BFC5141F0AA70E002DF748 /* Base */,
			);
			name = LaunchScreen.storyboard;
			sourceTree = "<group>";
		};
/* End PBXVariantGroup section */

/* Begin XCBuildConfiguration section */
		C9BFC52D1F0AA70E002DF748 /* Debug */ = {
			isa = XCBuildConfiguration;
			buildSettings = {
				ALWAYS_SEARCH_USER_PATHS = NO;
				CLANG_ANALYZER_NONNULL = YES;
				CLANG_ANALYZER_NUMBER_OBJECT_CONVERSION = YES_AGGRESSIVE;
				CLANG_CXX_LANGUAGE_STANDARD = "gnu++0x";
				CLANG_CXX_LIBRARY = "libc++";
				CLANG_ENABLE_MODULES = YES;
				CLANG_ENABLE_OBJC_ARC = YES;
				CLANG_WARN_BOOL_CONVERSION = YES;
				CLANG_WARN_CONSTANT_CONVERSION = YES;
				CLANG_WARN_DIRECT_OBJC_ISA_USAGE = YES_ERROR;
				CLANG_WARN_DOCUMENTATION_COMMENTS = YES;
				CLANG_WARN_EMPTY_BODY = YES;
				CLANG_WARN_ENUM_CONVERSION = YES;
				CLANG_WARN_INFINITE_RECURSION = YES;
				CLANG_WARN_INT_CONVERSION = YES;
				CLANG_WARN_OBJC_ROOT_CLASS = YES_ERROR;
				CLANG_WARN_SUSPICIOUS_MOVE = YES;
				CLANG_WARN_UNREACHABLE_CODE = YES;
				CLANG_WARN__DUPLICATE_METHOD_MATCH = YES;
				"CODE_SIGN_IDENTITY[sdk=iphoneos*]" = "iPhone Developer";
				COPY_PHASE_STRIP = NO;
				DEBUG_INFORMATION_FORMAT = dwarf;
				ENABLE_STRICT_OBJC_MSGSEND = YES;
				ENABLE_TESTABILITY = YES;
				GCC_C_LANGUAGE_STANDARD = gnu99;
				GCC_DYNAMIC_NO_PIC = NO;
				GCC_NO_COMMON_BLOCKS = YES;
				GCC_OPTIMIZATION_LEVEL = 0;
				GCC_PREPROCESSOR_DEFINITIONS = (
					"DEBUG=1",
					"$(inherited)",
				);
				GCC_WARN_64_TO_32_BIT_CONVERSION = YES;
				GCC_WARN_ABOUT_RETURN_TYPE = YES_ERROR;
				GCC_WARN_UNDECLARED_SELECTOR = YES;
				GCC_WARN_UNINITIALIZED_AUTOS = YES_AGGRESSIVE;
				GCC_WARN_UNUSED_FUNCTION = YES;
				GCC_WARN_UNUSED_VARIABLE = YES;
				IPHONEOS_DEPLOYMENT_TARGET = 10.3;
				MTL_ENABLE_DEBUG_INFO = YES;
				ONLY_ACTIVE_ARCH = YES;
				SDKROOT = iphoneos;
				SWIFT_ACTIVE_COMPILATION_CONDITIONS = DEBUG;
				SWIFT_OPTIMIZATION_LEVEL = "-Onone";
				TARGETED_DEVICE_FAMILY = "1,2";
			};
			name = Debug;
		};
		C9BFC52E1F0AA70E002DF748 /* Release */ = {
			isa = XCBuildConfiguration;
			buildSettings = {
				ALWAYS_SEARCH_USER_PATHS = NO;
				CLANG_ANALYZER_NONNULL = YES;
				CLANG_ANALYZER_NUMBER_OBJECT_CONVERSION = YES_AGGRESSIVE;
				CLANG_CXX_LANGUAGE_STANDARD = "gnu++0x";
				CLANG_CXX_LIBRARY = "libc++";
				CLANG_ENABLE_MODULES = YES;
				CLANG_ENABLE_OBJC_ARC = YES;
				CLANG_WARN_BOOL_CONVERSION = YES;
				CLANG_WARN_CONSTANT_CONVERSION = YES;
				CLANG_WARN_DIRECT_OBJC_ISA_USAGE = YES_ERROR;
				CLANG_WARN_DOCUMENTATION_COMMENTS = YES;
				CLANG_WARN_EMPTY_BODY = YES;
				CLANG_WARN_ENUM_CONVERSION = YES;
				CLANG_WARN_INFINITE_RECURSION = YES;
				CLANG_WARN_INT_CONVERSION = YES;
				CLANG_WARN_OBJC_ROOT_CLASS = YES_ERROR;
				CLANG_WARN_SUSPICIOUS_MOVE = YES;
				CLANG_WARN_UNREACHABLE_CODE = YES;
				CLANG_WARN__DUPLICATE_METHOD_MATCH = YES;
				"CODE_SIGN_IDENTITY[sdk=iphoneos*]" = "iPhone Developer";
				COPY_PHASE_STRIP = NO;
				DEBUG_INFORMATION_FORMAT = "dwarf-with-dsym";
				ENABLE_NS_ASSERTIONS = NO;
				ENABLE_STRICT_OBJC_MSGSEND = YES;
				GCC_C_LANGUAGE_STANDARD = gnu99;
				GCC_NO_COMMON_BLOCKS = YES;
				GCC_WARN_64_TO_32_BIT_CONVERSION = YES;
				GCC_WARN_ABOUT_RETURN_TYPE = YES_ERROR;
				GCC_WARN_UNDECLARED_SELECTOR = YES;
				GCC_WARN_UNINITIALIZED_AUTOS = YES_AGGRESSIVE;
				GCC_WARN_UNUSED_FUNCTION = YES;
				GCC_WARN_UNUSED_VARIABLE = YES;
				IPHONEOS_DEPLOYMENT_TARGET = 10.3;
				MTL_ENABLE_DEBUG_INFO = NO;
				SDKROOT = iphoneos;
				SWIFT_OPTIMIZATION_LEVEL = "-Owholemodule";
				TARGETED_DEVICE_FAMILY = "1,2";
				VALIDATE_PRODUCT = YES;
			};
			name = Release;
		};
		C9BFC5301F0AA70E002DF748 /* Debug */ = {
			isa = XCBuildConfiguration;
			buildSettings = {
				ASSETCATALOG_COMPILER_APPICON_NAME = AppIcon;
				INFOPLIST_FILE = Shooter/Info.plist;
				LD_RUNPATH_SEARCH_PATHS = "$(inherited) @executable_path/Frameworks";
				PRODUCT_BUNDLE_IDENTIFIER = com.makeschool.Shooter;
				PRODUCT_NAME = "$(TARGET_NAME)";
				SWIFT_VERSION = 3.0;
			};
			name = Debug;
		};
		C9BFC5311F0AA70E002DF748 /* Release */ = {
			isa = XCBuildConfiguration;
			buildSettings = {
				ASSETCATALOG_COMPILER_APPICON_NAME = AppIcon;
				INFOPLIST_FILE = Shooter/Info.plist;
				LD_RUNPATH_SEARCH_PATHS = "$(inherited) @executable_path/Frameworks";
				PRODUCT_BUNDLE_IDENTIFIER = com.makeschool.Shooter;
				PRODUCT_NAME = "$(TARGET_NAME)";
				SWIFT_VERSION = 3.0;
			};
			name = Release;
		};
		C9BFC5331F0AA70E002DF748 /* Debug */ = {
			isa = XCBuildConfiguration;
			buildSettings = {
				ALWAYS_EMBED_SWIFT_STANDARD_LIBRARIES = YES;
				BUNDLE_LOADER = "$(TEST_HOST)";
				INFOPLIST_FILE = ShooterTests/Info.plist;
				LD_RUNPATH_SEARCH_PATHS = "$(inherited) @executable_path/Frameworks @loader_path/Frameworks";
				PRODUCT_BUNDLE_IDENTIFIER = com.makeschool.ShooterTests;
				PRODUCT_NAME = "$(TARGET_NAME)";
				SWIFT_VERSION = 3.0;
				TEST_HOST = "$(BUILT_PRODUCTS_DIR)/Shooter.app/Shooter";
			};
			name = Debug;
		};
		C9BFC5341F0AA70E002DF748 /* Release */ = {
			isa = XCBuildConfiguration;
			buildSettings = {
				ALWAYS_EMBED_SWIFT_STANDARD_LIBRARIES = YES;
				BUNDLE_LOADER = "$(TEST_HOST)";
				INFOPLIST_FILE = ShooterTests/Info.plist;
				LD_RUNPATH_SEARCH_PATHS = "$(inherited) @executable_path/Frameworks @loader_path/Frameworks";
				PRODUCT_BUNDLE_IDENTIFIER = com.makeschool.ShooterTests;
				PRODUCT_NAME = "$(TARGET_NAME)";
				SWIFT_VERSION = 3.0;
				TEST_HOST = "$(BUILT_PRODUCTS_DIR)/Shooter.app/Shooter";
			};
			name = Release;
		};
		C9BFC5361F0AA70E002DF748 /* Debug */ = {
			isa = XCBuildConfiguration;
			buildSettings = {
				ALWAYS_EMBED_SWIFT_STANDARD_LIBRARIES = YES;
				INFOPLIST_FILE = ShooterUITests/Info.plist;
				LD_RUNPATH_SEARCH_PATHS = "$(inherited) @executable_path/Frameworks @loader_path/Frameworks";
				PRODUCT_BUNDLE_IDENTIFIER = com.makeschool.ShooterUITests;
				PRODUCT_NAME = "$(TARGET_NAME)";
				SWIFT_VERSION = 3.0;
				TEST_TARGET_NAME = Shooter;
			};
			name = Debug;
		};
		C9BFC5371F0AA70E002DF748 /* Release */ = {
			isa = XCBuildConfiguration;
			buildSettings = {
				ALWAYS_EMBED_SWIFT_STANDARD_LIBRARIES = YES;
				INFOPLIST_FILE = ShooterUITests/Info.plist;
				LD_RUNPATH_SEARCH_PATHS = "$(inherited) @executable_path/Frameworks @loader_path/Frameworks";
				PRODUCT_BUNDLE_IDENTIFIER = com.makeschool.ShooterUITests;
				PRODUCT_NAME = "$(TARGET_NAME)";
				SWIFT_VERSION = 3.0;
				TEST_TARGET_NAME = Shooter;
			};
			name = Release;
		};
/* End XCBuildConfiguration section */

/* Begin XCConfigurationList section */
		C9BFC4FC1F0AA70E002DF748 /* Build configuration list for PBXProject "Shooter" */ = {
			isa = XCConfigurationList;
			buildConfigurations = (
				C9BFC52D1F0AA70E002DF748 /* Debug */,
				C9BFC52E1F0AA70E002DF748 /* Release */,
			);
			defaultConfigurationIsVisible = 0;
			defaultConfigurationName = Release;
		};
		C9BFC52F1F0AA70E002DF748 /* Build configuration list for PBXNativeTarget "Shooter" */ = {
			isa = XCConfigurationList;
			buildConfigurations = (
				C9BFC5301F0AA70E002DF748 /* Debug */,
				C9BFC5311F0AA70E002DF748 /* Release */,
			);
			defaultConfigurationIsVisible = 0;
			defaultConfigurationName = Release;
		};
		C9BFC5321F0AA70E002DF748 /* Build configuration list for PBXNativeTarget "ShooterTests" */ = {
			isa = XCConfigurationList;
			buildConfigurations = (
				C9BFC5331F0AA70E002DF748 /* Debug */,
				C9BFC5341F0AA70E002DF748 /* Release */,
			);
			defaultConfigurationIsVisible = 0;
			defaultConfigurationName = Release;
		};
		C9BFC5351F0AA70E002DF748 /* Build configuration list for PBXNativeTarget "ShooterUITests" */ = {
			isa = XCConfigurationList;
			buildConfigurations = (
				C9BFC5361F0AA70E002DF748 /* Debug */,
				C9BFC5371F0AA70E002DF748 /* Release */,
			);
			defaultConfigurationIsVisible = 0;
			defaultConfigurationName = Release;
		};
/* End XCConfigurationList section */
	};
	rootObject = C9BFC4F91F0AA70E002DF748 /* Project object */;
}
